
Microsoft Visual Studio Solution File, Format Version 12.00
# Visual Studio 15
VisualStudioVersion = 15.0.28307.539
MinimumVisualStudioVersion = 10.0.40219.1
Project("{FAE04EC0-301F-11D3-BF4B-00C04F79EFBC}") = "MobileServer", "MobileServer\MobileServer.csproj", "{F4881902-E123-4DA4-B83F-7C3D21C9D62C}"
EndProject
Global
	GlobalSection(SolutionConfigurationPlatforms) = preSolution
		Debug|Any CPU = Debug|Any CPU
		Release|Any CPU = Release|Any CPU
	EndGlobalSection
	GlobalSection(ProjectConfigurationPlatforms) = postSolution
		{F4881902-E123-4DA4-B83F-7C3D21C9D62C}.Debug|Any CPU.ActiveCfg = Debug|Any CPU
		{F4881902-E123-4DA4-B83F-7C3D21C9D62C}.Debug|Any CPU.Build.0 = Debug|Any CPU
		{F4881902-E123-4DA4-B83F-7C3D21C9D62C}.Release|Any CPU.ActiveCfg = Release|Any CPU
		{F4881902-E123-4DA4-B83F-7C3D21C9D62C}.Release|Any CPU.Build.0 = Release|Any CPU
	EndGlobalSection
	GlobalSection(SolutionProperties) = preSolution
		HideSolutionNode = FALSE
	EndGlobalSection
	GlobalSection(ExtensibilityGlobals) = postSolution
		SolutionGuid = {1B3EA58F-3160-48BA-AB34-806B8E320981}
	EndGlobalSection
EndGlobal
